
Microsoft Visual Studio Solution File, Format Version 12.00
# Visual Studio Version 17
VisualStudioVersion = 17.3.32922.545
MinimumVisualStudioVersion = 10.0.40219.1
Project("{FAE04EC0-301F-11D3-BF4B-00C04F79EFBC}") = "BankAccountExample", "BankAccountExample\BankAccountExample.csproj", "{B5D67D84-A36E-478D-9352-5FF2304FD8A7}"
EndProject
Global
	GlobalSection(SolutionConfigurationPlatforms) = preSolution
		Debug|Any CPU = Debug|Any CPU
		Release|Any CPU = Release|Any CPU
	EndGlobalSection
	GlobalSection(ProjectConfigurationPlatforms) = postSolution
		{B5D67D84-A36E-478D-9352-5FF2304FD8A7}.Debug|Any CPU.ActiveCfg = Debug|Any CPU
		{B5D67D84-A36E-478D-9352-5FF2304FD8A7}.Debug|Any CPU.Build.0 = Debug|Any CPU
		{B5D67D84-A36E-478D-9352-5FF2304FD8A7}.Release|Any CPU.ActiveCfg = Release|Any CPU
		{B5D67D84-A36E-478D-9352-5FF2304FD8A7}.Release|Any CPU.Build.0 = Release|Any CPU
	EndGlobalSection
	GlobalSection(SolutionProperties) = preSolution
		HideSolutionNode = FALSE
	EndGlobalSection
	GlobalSection(ExtensibilityGlobals) = postSolution
		SolutionGuid = {9C69E400-591A-4802-81EF-0CED2693C21A}
	EndGlobalSection
EndGlobal
